
Microsoft Visual Studio Solution File, Format Version 12.00
# Visual Studio Version 17
VisualStudioVersion = 17.2.32616.157
MinimumVisualStudioVersion = 10.0.40219.1
Project("{FAE04EC0-301F-11D3-BF4B-00C04F79EFBC}") = "013 - O maior de 3 numeros inteiros", "013 - O maior de 3 numeros inteiros\013 - O maior de 3 numeros inteiros.csproj", "{FBDC5AA0-E79A-4062-BA86-767D6D0ADA65}"
EndProject
Global
	GlobalSection(SolutionConfigurationPlatforms) = preSolution
		Debug|Any CPU = Debug|Any CPU
		Release|Any CPU = Release|Any CPU
	EndGlobalSection
	GlobalSection(ProjectConfigurationPlatforms) = postSolution
		{FBDC5AA0-E79A-4062-BA86-767D6D0ADA65}.Debug|Any CPU.ActiveCfg = Debug|Any CPU
		{FBDC5AA0-E79A-4062-BA86-767D6D0ADA65}.Debug|Any CPU.Build.0 = Debug|Any CPU
		{FBDC5AA0-E79A-4062-BA86-767D6D0ADA65}.Release|Any CPU.ActiveCfg = Release|Any CPU
		{FBDC5AA0-E79A-4062-BA86-767D6D0ADA65}.Release|Any CPU.Build.0 = Release|Any CPU
	EndGlobalSection
	GlobalSection(SolutionProperties) = preSolution
		HideSolutionNode = FALSE
	EndGlobalSection
	GlobalSection(ExtensibilityGlobals) = postSolution
		SolutionGuid = {53C75EEB-4FAF-4C1C-A04C-3B8802E188DF}
	EndGlobalSection
EndGlobal
