
Microsoft Visual Studio Solution File, Format Version 12.00
# Visual Studio Version 17
VisualStudioVersion = 17.2.32630.192
MinimumVisualStudioVersion = 10.0.40219.1
Project("{FAE04EC0-301F-11D3-BF4B-00C04F79EFBC}") = "020 - Valor devido por um cliente", "020 - Valor devido por um cliente\020 - Valor devido por um cliente.csproj", "{5CD4A1B2-55A2-4B56-9C12-E17775E6700D}"
EndProject
Global
	GlobalSection(SolutionConfigurationPlatforms) = preSolution
		Debug|Any CPU = Debug|Any CPU
		Release|Any CPU = Release|Any CPU
	EndGlobalSection
	GlobalSection(ProjectConfigurationPlatforms) = postSolution
		{5CD4A1B2-55A2-4B56-9C12-E17775E6700D}.Debug|Any CPU.ActiveCfg = Debug|Any CPU
		{5CD4A1B2-55A2-4B56-9C12-E17775E6700D}.Debug|Any CPU.Build.0 = Debug|Any CPU
		{5CD4A1B2-55A2-4B56-9C12-E17775E6700D}.Release|Any CPU.ActiveCfg = Release|Any CPU
		{5CD4A1B2-55A2-4B56-9C12-E17775E6700D}.Release|Any CPU.Build.0 = Release|Any CPU
	EndGlobalSection
	GlobalSection(SolutionProperties) = preSolution
		HideSolutionNode = FALSE
	EndGlobalSection
	GlobalSection(ExtensibilityGlobals) = postSolution
		SolutionGuid = {A016D734-92EE-427F-9368-682CC75B7FDA}
	EndGlobalSection
EndGlobal
