
Microsoft Visual Studio Solution File, Format Version 12.00
# Visual Studio Version 17
VisualStudioVersion = 17.2.32630.192
MinimumVisualStudioVersion = 10.0.40219.1
Project("{FAE04EC0-301F-11D3-BF4B-00C04F79EFBC}") = "031 - Sucessivos valores de E", "031 - Sucessivos valores de E\031 - Sucessivos valores de E.csproj", "{70DA861D-CA68-4127-9922-B4451C0F8F54}"
EndProject
Global
	GlobalSection(SolutionConfigurationPlatforms) = preSolution
		Debug|Any CPU = Debug|Any CPU
		Release|Any CPU = Release|Any CPU
	EndGlobalSection
	GlobalSection(ProjectConfigurationPlatforms) = postSolution
		{70DA861D-CA68-4127-9922-B4451C0F8F54}.Debug|Any CPU.ActiveCfg = Debug|Any CPU
		{70DA861D-CA68-4127-9922-B4451C0F8F54}.Debug|Any CPU.Build.0 = Debug|Any CPU
		{70DA861D-CA68-4127-9922-B4451C0F8F54}.Release|Any CPU.ActiveCfg = Release|Any CPU
		{70DA861D-CA68-4127-9922-B4451C0F8F54}.Release|Any CPU.Build.0 = Release|Any CPU
	EndGlobalSection
	GlobalSection(SolutionProperties) = preSolution
		HideSolutionNode = FALSE
	EndGlobalSection
	GlobalSection(ExtensibilityGlobals) = postSolution
		SolutionGuid = {7BD3D951-E41D-49E4-98B5-D40DDE2C6C86}
	EndGlobalSection
EndGlobal
