
Microsoft Visual Studio Solution File, Format Version 12.00
# Visual Studio Version 17
VisualStudioVersion = 17.2.32630.192
MinimumVisualStudioVersion = 10.0.40219.1
Project("{FAE04EC0-301F-11D3-BF4B-00C04F79EFBC}") = "026 - Menor número de notas", "026 - Menor número de notas\026 - Menor número de notas.csproj", "{CE3437D7-164F-4976-9D6F-896A3CC5DFE4}"
EndProject
Global
	GlobalSection(SolutionConfigurationPlatforms) = preSolution
		Debug|Any CPU = Debug|Any CPU
		Release|Any CPU = Release|Any CPU
	EndGlobalSection
	GlobalSection(ProjectConfigurationPlatforms) = postSolution
		{CE3437D7-164F-4976-9D6F-896A3CC5DFE4}.Debug|Any CPU.ActiveCfg = Debug|Any CPU
		{CE3437D7-164F-4976-9D6F-896A3CC5DFE4}.Debug|Any CPU.Build.0 = Debug|Any CPU
		{CE3437D7-164F-4976-9D6F-896A3CC5DFE4}.Release|Any CPU.ActiveCfg = Release|Any CPU
		{CE3437D7-164F-4976-9D6F-896A3CC5DFE4}.Release|Any CPU.Build.0 = Release|Any CPU
	EndGlobalSection
	GlobalSection(SolutionProperties) = preSolution
		HideSolutionNode = FALSE
	EndGlobalSection
	GlobalSection(ExtensibilityGlobals) = postSolution
		SolutionGuid = {C578838F-E0FF-4967-B6AC-69E9784FFAD6}
	EndGlobalSection
EndGlobal
