
Microsoft Visual Studio Solution File, Format Version 12.00
# Visual Studio Version 17
VisualStudioVersion = 17.2.32630.192
MinimumVisualStudioVersion = 10.0.40219.1
Project("{FAE04EC0-301F-11D3-BF4B-00C04F79EFBC}") = "025 - Conjunto de 4 valores", "025 - Conjunto de 4 valores\025 - Conjunto de 4 valores.csproj", "{8594336F-C3E4-4236-9676-604E0EECCF4F}"
EndProject
Global
	GlobalSection(SolutionConfigurationPlatforms) = preSolution
		Debug|Any CPU = Debug|Any CPU
		Release|Any CPU = Release|Any CPU
	EndGlobalSection
	GlobalSection(ProjectConfigurationPlatforms) = postSolution
		{8594336F-C3E4-4236-9676-604E0EECCF4F}.Debug|Any CPU.ActiveCfg = Debug|Any CPU
		{8594336F-C3E4-4236-9676-604E0EECCF4F}.Debug|Any CPU.Build.0 = Debug|Any CPU
		{8594336F-C3E4-4236-9676-604E0EECCF4F}.Release|Any CPU.ActiveCfg = Release|Any CPU
		{8594336F-C3E4-4236-9676-604E0EECCF4F}.Release|Any CPU.Build.0 = Release|Any CPU
	EndGlobalSection
	GlobalSection(SolutionProperties) = preSolution
		HideSolutionNode = FALSE
	EndGlobalSection
	GlobalSection(ExtensibilityGlobals) = postSolution
		SolutionGuid = {46C150D9-D58D-4A32-822E-D2F444C5F3A8}
	EndGlobalSection
EndGlobal
