
Microsoft Visual Studio Solution File, Format Version 12.00
# Visual Studio Version 17
VisualStudioVersion = 17.2.32630.192
MinimumVisualStudioVersion = 10.0.40219.1
Project("{FAE04EC0-301F-11D3-BF4B-00C04F79EFBC}") = "023 - Lados formam um triângulo ou não", "023 - Lados formam um triângulo ou não\023 - Lados formam um triângulo ou não.csproj", "{9D461ED3-F06B-4CC1-910A-173E306C5D53}"
EndProject
Global
	GlobalSection(SolutionConfigurationPlatforms) = preSolution
		Debug|Any CPU = Debug|Any CPU
		Release|Any CPU = Release|Any CPU
	EndGlobalSection
	GlobalSection(ProjectConfigurationPlatforms) = postSolution
		{9D461ED3-F06B-4CC1-910A-173E306C5D53}.Debug|Any CPU.ActiveCfg = Debug|Any CPU
		{9D461ED3-F06B-4CC1-910A-173E306C5D53}.Debug|Any CPU.Build.0 = Debug|Any CPU
		{9D461ED3-F06B-4CC1-910A-173E306C5D53}.Release|Any CPU.ActiveCfg = Release|Any CPU
		{9D461ED3-F06B-4CC1-910A-173E306C5D53}.Release|Any CPU.Build.0 = Release|Any CPU
	EndGlobalSection
	GlobalSection(SolutionProperties) = preSolution
		HideSolutionNode = FALSE
	EndGlobalSection
	GlobalSection(ExtensibilityGlobals) = postSolution
		SolutionGuid = {17510C93-8ECA-4702-9F72-8F90F3297629}
	EndGlobalSection
EndGlobal
