
Microsoft Visual Studio Solution File, Format Version 12.00
# Visual Studio Version 17
VisualStudioVersion = 17.2.32616.157
MinimumVisualStudioVersion = 10.0.40219.1
Project("{FAE04EC0-301F-11D3-BF4B-00C04F79EFBC}") = "012 - Idade categoria nadador", "012 - Idade categoria nadador\012 - Idade categoria nadador.csproj", "{2411BA8C-CE5E-4242-81BB-E28364351B95}"
EndProject
Global
	GlobalSection(SolutionConfigurationPlatforms) = preSolution
		Debug|Any CPU = Debug|Any CPU
		Release|Any CPU = Release|Any CPU
	EndGlobalSection
	GlobalSection(ProjectConfigurationPlatforms) = postSolution
		{2411BA8C-CE5E-4242-81BB-E28364351B95}.Debug|Any CPU.ActiveCfg = Debug|Any CPU
		{2411BA8C-CE5E-4242-81BB-E28364351B95}.Debug|Any CPU.Build.0 = Debug|Any CPU
		{2411BA8C-CE5E-4242-81BB-E28364351B95}.Release|Any CPU.ActiveCfg = Release|Any CPU
		{2411BA8C-CE5E-4242-81BB-E28364351B95}.Release|Any CPU.Build.0 = Release|Any CPU
	EndGlobalSection
	GlobalSection(SolutionProperties) = preSolution
		HideSolutionNode = FALSE
	EndGlobalSection
	GlobalSection(ExtensibilityGlobals) = postSolution
		SolutionGuid = {067D521C-E074-42C5-BAB1-25A9BFA0AA0B}
	EndGlobalSection
EndGlobal
